{
  "nodes": {
    "nix-npm-buildpackage": {
      "locked": {
        "lastModified": 1605683664,
        "narHash": "sha256-YtN492zFVJUe1Tb5021p5o0UiV50g/nd6muOYyZ/rCU=",
        "owner": "serokell",
        "repo": "nix-npm-buildpackage",
        "rev": "bbe7d011f127dc00c9c93ca4f153d9524e3fb5eb",
        "type": "github"
      },
      "original": {
        "owner": "serokell",
        "repo": "nix-npm-buildpackage",
        "type": "github"
      }
    },
    "nixpkgs": {
      "locked": {
        "lastModified": 1606086654,
        "narHash": "sha256-VFl+3eGIMqNp7cyOMJ6TjM/+UcsLKtodKoYexrlTJMI=",
        "owner": "NixOS",
        "repo": "nixpkgs",
        "rev": "19db3e5ea2777daa874563b5986288151f502e27",
        "type": "github"
      },
      "original": {
        "owner": "NixOS",
        "ref": "nixos-20.09",
        "repo": "nixpkgs",
        "type": "github"
      }
    },
    "root": {
      "inputs": {
        "nix-npm-buildpackage": "nix-npm-buildpackage",
        "nixpkgs": "nixpkgs"
      }
    }
  },
  "root": "root",
  "version": 7
}
